
Microsoft Visual Studio Solution File, Format Version 12.00
# Visual Studio Version 16
VisualStudioVersion = 16.0.29709.97
MinimumVisualStudioVersion = 10.0.40219.1
Project("{FAE04EC0-301F-11D3-BF4B-00C04F79EFBC}") = "CWhhelsApi", "CWhhelsApi\CWhhelsApi.csproj", "{CA2C4AC0-45C7-4BC8-BC92-57DD032948AB}"
EndProject
Global
	GlobalSection(SolutionConfigurationPlatforms) = preSolution
		Debug|Any CPU = Debug|Any CPU
		Release|Any CPU = Release|Any CPU
	EndGlobalSection
	GlobalSection(ProjectConfigurationPlatforms) = postSolution
		{CA2C4AC0-45C7-4BC8-BC92-57DD032948AB}.Debug|Any CPU.ActiveCfg = Debug|Any CPU
		{CA2C4AC0-45C7-4BC8-BC92-57DD032948AB}.Debug|Any CPU.Build.0 = Debug|Any CPU
		{CA2C4AC0-45C7-4BC8-BC92-57DD032948AB}.Release|Any CPU.ActiveCfg = Release|Any CPU
		{CA2C4AC0-45C7-4BC8-BC92-57DD032948AB}.Release|Any CPU.Build.0 = Release|Any CPU
	EndGlobalSection
	GlobalSection(SolutionProperties) = preSolution
		HideSolutionNode = FALSE
	EndGlobalSection
	GlobalSection(ExtensibilityGlobals) = postSolution
		SolutionGuid = {B6FBE661-0849-43D9-A59E-D68C57A7A42A}
	EndGlobalSection
EndGlobal
